
Microsoft Visual Studio Solution File, Format Version 12.00
# Visual Studio Version 17
VisualStudioVersion = 17.8.34408.163
MinimumVisualStudioVersion = 10.0.40219.1
Project("{FAE04EC0-301F-11D3-BF4B-00C04F79EFBC}") = "Hoja6", "Hoja6.csproj", "{FE430369-4DD5-480A-AD52-CAE0B4B668C2}"
EndProject
Global
	GlobalSection(SolutionConfigurationPlatforms) = preSolution
		Debug|Any CPU = Debug|Any CPU
		Release|Any CPU = Release|Any CPU
	EndGlobalSection
	GlobalSection(ProjectConfigurationPlatforms) = postSolution
		{FE430369-4DD5-480A-AD52-CAE0B4B668C2}.Debug|Any CPU.ActiveCfg = Debug|Any CPU
		{FE430369-4DD5-480A-AD52-CAE0B4B668C2}.Debug|Any CPU.Build.0 = Debug|Any CPU
		{FE430369-4DD5-480A-AD52-CAE0B4B668C2}.Release|Any CPU.ActiveCfg = Release|Any CPU
		{FE430369-4DD5-480A-AD52-CAE0B4B668C2}.Release|Any CPU.Build.0 = Release|Any CPU
	EndGlobalSection
	GlobalSection(SolutionProperties) = preSolution
		HideSolutionNode = FALSE
	EndGlobalSection
	GlobalSection(ExtensibilityGlobals) = postSolution
		SolutionGuid = {680C1BBF-9C38-4333-A35C-139E3FFD0E8D}
	EndGlobalSection
EndGlobal
