
Microsoft Visual Studio Solution File, Format Version 12.00
# Visual Studio Version 17
VisualStudioVersion = 17.8.34408.163
MinimumVisualStudioVersion = 10.0.40219.1
Project("{FAE04EC0-301F-11D3-BF4B-00C04F79EFBC}") = "Hoja 7", "Hoja 7.csproj", "{32ED23EF-CA3D-42F7-8876-5CF17B0F88F1}"
EndProject
Global
	GlobalSection(SolutionConfigurationPlatforms) = preSolution
		Debug|Any CPU = Debug|Any CPU
		Release|Any CPU = Release|Any CPU
	EndGlobalSection
	GlobalSection(ProjectConfigurationPlatforms) = postSolution
		{32ED23EF-CA3D-42F7-8876-5CF17B0F88F1}.Debug|Any CPU.ActiveCfg = Debug|Any CPU
		{32ED23EF-CA3D-42F7-8876-5CF17B0F88F1}.Debug|Any CPU.Build.0 = Debug|Any CPU
		{32ED23EF-CA3D-42F7-8876-5CF17B0F88F1}.Release|Any CPU.ActiveCfg = Release|Any CPU
		{32ED23EF-CA3D-42F7-8876-5CF17B0F88F1}.Release|Any CPU.Build.0 = Release|Any CPU
	EndGlobalSection
	GlobalSection(SolutionProperties) = preSolution
		HideSolutionNode = FALSE
	EndGlobalSection
	GlobalSection(ExtensibilityGlobals) = postSolution
		SolutionGuid = {402BE02D-45CB-4ABD-9410-57A3390E0BB4}
	EndGlobalSection
EndGlobal
